
Microsoft Visual Studio Solution File, Format Version 12.00
# Visual Studio 15
VisualStudioVersion = 15.0.28307.1340
MinimumVisualStudioVersion = 10.0.40219.1
Project("{FAE04EC0-301F-11D3-BF4B-00C04F79EFBC}") = "QR Menu Designer", "QR Menu Designer\QR Menu Designer.csproj", "{32804741-074E-40DE-B755-9A4AB368B6DF}"
EndProject
Global
	GlobalSection(SolutionConfigurationPlatforms) = preSolution
		Debug|Any CPU = Debug|Any CPU
		Release|Any CPU = Release|Any CPU
	EndGlobalSection
	GlobalSection(ProjectConfigurationPlatforms) = postSolution
		{32804741-074E-40DE-B755-9A4AB368B6DF}.Debug|Any CPU.ActiveCfg = Debug|Any CPU
		{32804741-074E-40DE-B755-9A4AB368B6DF}.Debug|Any CPU.Build.0 = Debug|Any CPU
		{32804741-074E-40DE-B755-9A4AB368B6DF}.Release|Any CPU.ActiveCfg = Release|Any CPU
		{32804741-074E-40DE-B755-9A4AB368B6DF}.Release|Any CPU.Build.0 = Release|Any CPU
	EndGlobalSection
	GlobalSection(SolutionProperties) = preSolution
		HideSolutionNode = FALSE
	EndGlobalSection
	GlobalSection(ExtensibilityGlobals) = postSolution
		SolutionGuid = {368C8021-F220-4B95-A557-6A0A4810B4D5}
	EndGlobalSection
EndGlobal
